[root]
name = "anime-dupe-finder"
version = "0.0.1"
dependencies = [
 "glob 0.0.1 (git+https://github.com/rust-lang/glob.git#469a6bc1a0fc289ab220170e691cffbc01dcf1e6)",
]

[[package]]
name = "glob"
version = "0.0.1"
source = "git+https://github.com/rust-lang/glob.git#469a6bc1a0fc289ab220170e691cffbc01dcf1e6"

